
Microsoft Visual Studio Solution File, Format Version 12.00
# Visual Studio Version 17
VisualStudioVersion = 17.14.36221.1 d17.14
MinimumVisualStudioVersion = 10.0.40219.1
Project("{FAE04EC0-301F-11D3-BF4B-00C04F79EFBC}") = "kripto", "kripto\kripto.csproj", "{D7BEE218-FF20-4448-9393-3548E46288E2}"
EndProject
Global
	GlobalSection(SolutionConfigurationPlatforms) = preSolution
		Debug|Any CPU = Debug|Any CPU
		Release|Any CPU = Release|Any CPU
	EndGlobalSection
	GlobalSection(ProjectConfigurationPlatforms) = postSolution
		{D7BEE218-FF20-4448-9393-3548E46288E2}.Debug|Any CPU.ActiveCfg = Debug|Any CPU
		{D7BEE218-FF20-4448-9393-3548E46288E2}.Debug|Any CPU.Build.0 = Debug|Any CPU
		{D7BEE218-FF20-4448-9393-3548E46288E2}.Release|Any CPU.ActiveCfg = Release|Any CPU
		{D7BEE218-FF20-4448-9393-3548E46288E2}.Release|Any CPU.Build.0 = Release|Any CPU
	EndGlobalSection
	GlobalSection(SolutionProperties) = preSolution
		HideSolutionNode = FALSE
	EndGlobalSection
	GlobalSection(ExtensibilityGlobals) = postSolution
		SolutionGuid = {5E566977-6E7C-4477-AF69-A4EF3119C644}
	EndGlobalSection
EndGlobal
